
Microsoft Visual Studio Solution File, Format Version 12.00
# Visual Studio Version 16
VisualStudioVersion = 16.0.30523.141
MinimumVisualStudioVersion = 10.0.40219.1
Project("{FAE04EC0-301F-11D3-BF4B-00C04F79EFBC}") = "WindowsFormsApp9", "WindowsFormsApp9\WindowsFormsApp9.csproj", "{5A4BE428-8915-48FA-80C2-A42EB8D96765}"
EndProject
Global
	GlobalSection(SolutionConfigurationPlatforms) = preSolution
		Debug|Any CPU = Debug|Any CPU
		Release|Any CPU = Release|Any CPU
	EndGlobalSection
	GlobalSection(ProjectConfigurationPlatforms) = postSolution
		{5A4BE428-8915-48FA-80C2-A42EB8D96765}.Debug|Any CPU.ActiveCfg = Debug|Any CPU
		{5A4BE428-8915-48FA-80C2-A42EB8D96765}.Debug|Any CPU.Build.0 = Debug|Any CPU
		{5A4BE428-8915-48FA-80C2-A42EB8D96765}.Release|Any CPU.ActiveCfg = Release|Any CPU
		{5A4BE428-8915-48FA-80C2-A42EB8D96765}.Release|Any CPU.Build.0 = Release|Any CPU
	EndGlobalSection
	GlobalSection(SolutionProperties) = preSolution
		HideSolutionNode = FALSE
	EndGlobalSection
	GlobalSection(ExtensibilityGlobals) = postSolution
		SolutionGuid = {DB11F574-0471-4D40-90E6-08F203D3691F}
	EndGlobalSection
EndGlobal
